
Microsoft Visual Studio Solution File, Format Version 12.00
# Visual Studio Version 16
VisualStudioVersion = 16.0.30717.126
MinimumVisualStudioVersion = 10.0.40219.1
Project("{FAE04EC0-301F-11D3-BF4B-00C04F79EFBC}") = "PoE-Leveling-Helper", "PoE-Leveling-Helper\PoE-Leveling-Helper.csproj", "{7F2A53CB-F552-4D3C-A75F-3BD0DEAE3A90}"
EndProject
Global
	GlobalSection(SolutionConfigurationPlatforms) = preSolution
		Debug|Any CPU = Debug|Any CPU
		Release|Any CPU = Release|Any CPU
	EndGlobalSection
	GlobalSection(ProjectConfigurationPlatforms) = postSolution
		{7F2A53CB-F552-4D3C-A75F-3BD0DEAE3A90}.Debug|Any CPU.ActiveCfg = Debug|Any CPU
		{7F2A53CB-F552-4D3C-A75F-3BD0DEAE3A90}.Debug|Any CPU.Build.0 = Debug|Any CPU
		{7F2A53CB-F552-4D3C-A75F-3BD0DEAE3A90}.Release|Any CPU.ActiveCfg = Release|Any CPU
		{7F2A53CB-F552-4D3C-A75F-3BD0DEAE3A90}.Release|Any CPU.Build.0 = Release|Any CPU
	EndGlobalSection
	GlobalSection(SolutionProperties) = preSolution
		HideSolutionNode = FALSE
	EndGlobalSection
	GlobalSection(ExtensibilityGlobals) = postSolution
		SolutionGuid = {45230F80-9A36-4F1B-B5AE-175BDC6DB506}
	EndGlobalSection
EndGlobal
